# This file is automatically @generated by Cargo.
# It is not intended for manual editing.
version = 4

[[package]]
name = "exec"
version = "0.1.0"
dependencies = [
 "hal",
 "hal-x86_64",
 "kernel",
]

[[package]]
name = "hal"
version = "0.1.0"

[[package]]
name = "hal-arm64"
version = "0.1.0"
dependencies = [
 "hal",
 "kernel",
]

[[package]]
name = "hal-x86_64"
version = "0.1.0"
dependencies = [
 "hal",
]

[[package]]
name = "kernel"
version = "0.1.0"
dependencies = [
 "hal",
 "hal-x86_64",
]

[[package]]
name = "os"
version = "0.1.0"
dependencies = [
 "exec",
 "hal",
 "hal-x86_64",
 "kernel",
]

[[package]]
name = "xtask"
version = "0.1.0"
